
Microsoft Visual Studio Solution File, Format Version 12.00
# Visual Studio 15
VisualStudioVersion = 15.0.28010.2048
MinimumVisualStudioVersion = 10.0.40219.1
Project("{FAE04EC0-301F-11D3-BF4B-00C04F79EFBC}") = "Egyszamjatek", "Egyszamjatek\Egyszamjatek.csproj", "{B708FC0B-CFC3-4DA0-9F19-7192D48A536C}"
EndProject
Global
	GlobalSection(SolutionConfigurationPlatforms) = preSolution
		Debug|Any CPU = Debug|Any CPU
		Release|Any CPU = Release|Any CPU
	EndGlobalSection
	GlobalSection(ProjectConfigurationPlatforms) = postSolution
		{B708FC0B-CFC3-4DA0-9F19-7192D48A536C}.Debug|Any CPU.ActiveCfg = Debug|Any CPU
		{B708FC0B-CFC3-4DA0-9F19-7192D48A536C}.Debug|Any CPU.Build.0 = Debug|Any CPU
		{B708FC0B-CFC3-4DA0-9F19-7192D48A536C}.Release|Any CPU.ActiveCfg = Release|Any CPU
		{B708FC0B-CFC3-4DA0-9F19-7192D48A536C}.Release|Any CPU.Build.0 = Release|Any CPU
	EndGlobalSection
	GlobalSection(SolutionProperties) = preSolution
		HideSolutionNode = FALSE
	EndGlobalSection
	GlobalSection(ExtensibilityGlobals) = postSolution
		SolutionGuid = {3CAB385D-E9C4-474B-96F0-2CD875C4209C}
	EndGlobalSection
EndGlobal
